
Microsoft Visual Studio Solution File, Format Version 12.00
# Visual Studio Version 16
VisualStudioVersion = 16.0.29306.81
MinimumVisualStudioVersion = 10.0.40219.1
Project("{FAE04EC0-301F-11D3-BF4B-00C04F79EFBC}") = "GameCore", "GameCore\GameCore.csproj", "{094575DF-9E70-46C1-AFB4-5C4A4F8D456E}"
EndProject
Global
	GlobalSection(SolutionConfigurationPlatforms) = preSolution
		Debug|Any CPU = Debug|Any CPU
		Release|Any CPU = Release|Any CPU
	EndGlobalSection
	GlobalSection(ProjectConfigurationPlatforms) = postSolution
		{094575DF-9E70-46C1-AFB4-5C4A4F8D456E}.Debug|Any CPU.ActiveCfg = Debug|Any CPU
		{094575DF-9E70-46C1-AFB4-5C4A4F8D456E}.Debug|Any CPU.Build.0 = Debug|Any CPU
		{094575DF-9E70-46C1-AFB4-5C4A4F8D456E}.Release|Any CPU.ActiveCfg = Release|Any CPU
		{094575DF-9E70-46C1-AFB4-5C4A4F8D456E}.Release|Any CPU.Build.0 = Release|Any CPU
	EndGlobalSection
	GlobalSection(SolutionProperties) = preSolution
		HideSolutionNode = FALSE
	EndGlobalSection
	GlobalSection(ExtensibilityGlobals) = postSolution
		SolutionGuid = {E8812E95-254B-4EC0-83E9-3244BD86F78F}
	EndGlobalSection
EndGlobal
